
Microsoft Visual Studio Solution File, Format Version 12.00
# Visual Studio Version 17
VisualStudioVersion = 17.0.31919.166
MinimumVisualStudioVersion = 10.0.40219.1
Project("{9A19103F-16F7-4668-BE54-9A1E7A4F7556}") = "AdventOfCode", "AdventOfCode\AdventOfCode.csproj", "{45C977A8-833B-4F8C-A2E9-AB8B0C73480E}"
EndProject
Project("{9A19103F-16F7-4668-BE54-9A1E7A4F7556}") = "Day 01", "Day 01\Day 01.csproj", "{E80C5C22-C78A-4ED6-851D-2F80C7A99A3A}"
EndProject
Project("{9A19103F-16F7-4668-BE54-9A1E7A4F7556}") = "Day 02", "Day 02\Day 02.csproj", "{24FA89D9-2946-40CA-91D6-3860E60D9059}"
EndProject
Project("{9A19103F-16F7-4668-BE54-9A1E7A4F7556}") = "Day 03", "Day 03\Day 03.csproj", "{2862DBE4-4825-458A-8336-72DEEA9AF5F4}"
EndProject
Project("{9A19103F-16F7-4668-BE54-9A1E7A4F7556}") = "Day 04", "Day 04\Day 04.csproj", "{3487F831-99FC-4ABE-BF36-3012E63C13B2}"
EndProject
Project("{FAE04EC0-301F-11D3-BF4B-00C04F79EFBC}") = "Day 05", "Day 05\Day 05.csproj", "{EF47C3F7-52D0-4AF4-AC9B-BC35900E91D2}"
EndProject
Global
	GlobalSection(SolutionConfigurationPlatforms) = preSolution
		Debug|Any CPU = Debug|Any CPU
		Release|Any CPU = Release|Any CPU
	EndGlobalSection
	GlobalSection(ProjectConfigurationPlatforms) = postSolution
		{45C977A8-833B-4F8C-A2E9-AB8B0C73480E}.Debug|Any CPU.ActiveCfg = Debug|Any CPU
		{45C977A8-833B-4F8C-A2E9-AB8B0C73480E}.Debug|Any CPU.Build.0 = Debug|Any CPU
		{45C977A8-833B-4F8C-A2E9-AB8B0C73480E}.Release|Any CPU.ActiveCfg = Release|Any CPU
		{45C977A8-833B-4F8C-A2E9-AB8B0C73480E}.Release|Any CPU.Build.0 = Release|Any CPU
		{E80C5C22-C78A-4ED6-851D-2F80C7A99A3A}.Debug|Any CPU.ActiveCfg = Debug|Any CPU
		{E80C5C22-C78A-4ED6-851D-2F80C7A99A3A}.Debug|Any CPU.Build.0 = Debug|Any CPU
		{E80C5C22-C78A-4ED6-851D-2F80C7A99A3A}.Release|Any CPU.ActiveCfg = Release|Any CPU
		{E80C5C22-C78A-4ED6-851D-2F80C7A99A3A}.Release|Any CPU.Build.0 = Release|Any CPU
		{24FA89D9-2946-40CA-91D6-3860E60D9059}.Debug|Any CPU.ActiveCfg = Debug|Any CPU
		{24FA89D9-2946-40CA-91D6-3860E60D9059}.Debug|Any CPU.Build.0 = Debug|Any CPU
		{24FA89D9-2946-40CA-91D6-3860E60D9059}.Release|Any CPU.ActiveCfg = Release|Any CPU
		{24FA89D9-2946-40CA-91D6-3860E60D9059}.Release|Any CPU.Build.0 = Release|Any CPU
		{2862DBE4-4825-458A-8336-72DEEA9AF5F4}.Debug|Any CPU.ActiveCfg = Debug|Any CPU
		{2862DBE4-4825-458A-8336-72DEEA9AF5F4}.Debug|Any CPU.Build.0 = Debug|Any CPU
		{2862DBE4-4825-458A-8336-72DEEA9AF5F4}.Release|Any CPU.ActiveCfg = Release|Any CPU
		{2862DBE4-4825-458A-8336-72DEEA9AF5F4}.Release|Any CPU.Build.0 = Release|Any CPU
		{3487F831-99FC-4ABE-BF36-3012E63C13B2}.Debug|Any CPU.ActiveCfg = Debug|Any CPU
		{3487F831-99FC-4ABE-BF36-3012E63C13B2}.Debug|Any CPU.Build.0 = Debug|Any CPU
		{3487F831-99FC-4ABE-BF36-3012E63C13B2}.Release|Any CPU.ActiveCfg = Release|Any CPU
		{3487F831-99FC-4ABE-BF36-3012E63C13B2}.Release|Any CPU.Build.0 = Release|Any CPU
		{EF47C3F7-52D0-4AF4-AC9B-BC35900E91D2}.Debug|Any CPU.ActiveCfg = Debug|Any CPU
		{EF47C3F7-52D0-4AF4-AC9B-BC35900E91D2}.Debug|Any CPU.Build.0 = Debug|Any CPU
		{EF47C3F7-52D0-4AF4-AC9B-BC35900E91D2}.Release|Any CPU.ActiveCfg = Release|Any CPU
		{EF47C3F7-52D0-4AF4-AC9B-BC35900E91D2}.Release|Any CPU.Build.0 = Release|Any CPU
	EndGlobalSection
	GlobalSection(SolutionProperties) = preSolution
		HideSolutionNode = FALSE
	EndGlobalSection
	GlobalSection(ExtensibilityGlobals) = postSolution
		SolutionGuid = {A65036F0-4473-4DB3-8737-74A420B9D74D}
	EndGlobalSection
EndGlobal
